// !$*UTF8*$!
{
	archiveVersion = 1;
	classes = {
	};
	objectVersion = 50;
	objects = {

/* Begin PBXBuildFile section */
		22EAE9E124EA29430039D8AF /* AppDelegate.swift in Sources */ = {isa = PBXBuildFile; fileRef = 22EAE9E024EA29430039D8AF /* AppDelegate.swift */; };
		22EAE9E324EA29430039D8AF /* SceneDelegate.swift in Sources */ = {isa = PBXBuildFile; fileRef = 22EAE9E224EA29430039D8AF /* SceneDelegate.swift */; };
		22EAE9E524EA29430039D8AF /* ContentView.swift in Sources */ = {isa = PBXBuildFile; fileRef = 22EAE9E424EA29430039D8AF /* ContentView.swift */; };
		22EAE9E724EA294E0039D8AF /* Assets.xcassets in Resources */ = {isa = PBXBuildFile; fileRef = 22EAE9E624EA294E0039D8AF /* Assets.xcassets */; };
		22EAE9EA24EA294E0039D8AF /* Preview Assets.xcassets in Resources */ = {isa = PBXBuildFile; fileRef = 22EAE9E924EA294E0039D8AF /* Preview Assets.xcassets */; };
		22EAE9ED24EA294E0039D8AF /* LaunchScreen.storyboard in Resources */ = {isa = PBXBuildFile; fileRef = 22EAE9EB24EA294E0039D8AF /* LaunchScreen.storyboard */; };
		22EAE9FB24EB60E10039D8AF /* friends.json in Resources */ = {isa = PBXBuildFile; fileRef = 22EAE9FA24EB60E10039D8AF /* friends.json */; };
		22EAE9FF24EB617A0039D8AF /* Friend.swift in Sources */ = {isa = PBXBuildFile; fileRef = 22EAE9FE24EB617A0039D8AF /* Friend.swift */; };
		22EAEA0124F1F3220039D8AF /* FriendView.swift in Sources */ = {isa = PBXBuildFile; fileRef = 22EAEA0024F1F3220039D8AF /* FriendView.swift */; };
		22EAEA0324F1F4500039D8AF /* Bundle-Decodable.swift in Sources */ = {isa = PBXBuildFile; fileRef = 22EAEA0224F1F4500039D8AF /* Bundle-Decodable.swift */; };
/* End PBXBuildFile section */

/* Begin PBXFileReference section */
		22EAE9DD24EA29430039D8AF /* FriendBook.app */ = {isa = PBXFileReference; explicitFileType = wrapper.application; includeInIndex = 0; path = FriendBook.app; sourceTree = BUILT_PRODUCTS_DIR; };
		22EAE9E024EA29430039D8AF /* AppDelegate.swift */ = {isa = PBXFileReference; lastKnownFileType = sourcecode.swift; path = AppDelegate.swift; sourceTree = "<group>"; };
		22EAE9E224EA29430039D8AF /* SceneDelegate.swift */ = {isa = PBXFileReference; lastKnownFileType = sourcecode.swift; path = SceneDelegate.swift; sourceTree = "<group>"; };
		22EAE9E424EA29430039D8AF /* ContentView.swift */ = {isa = PBXFileReference; lastKnownFileType = sourcecode.swift; path = ContentView.swift; sourceTree = "<group>"; };
		22EAE9E624EA294E0039D8AF /* Assets.xcassets */ = {isa = PBXFileReference; lastKnownFileType = folder.assetcatalog; path = Assets.xcassets; sourceTree = "<group>"; };
		22EAE9E924EA294E0039D8AF /* Preview Assets.xcassets */ = {isa = PBXFileReference; lastKnownFileType = folder.assetcatalog; path = "Preview Assets.xcassets"; sourceTree = "<group>"; };
		22EAE9EC24EA294E0039D8AF /* Base */ = {isa = PBXFileReference; lastKnownFileType = file.storyboard; name = Base; path = Base.lproj/LaunchScreen.storyboard; sourceTree = "<group>"; };
		22EAE9EE24EA294E0039D8AF /* Info.plist */ = {isa = PBXFileReference; lastKnownFileType = text.plist.xml; path = Info.plist; sourceTree = "<group>"; };
		22EAE9FA24EB60E10039D8AF /* friends.json */ = {isa = PBXFileReference; fileEncoding = 4; lastKnownFileType = text.json; path = friends.json; sourceTree = "<group>"; };
		22EAE9FE24EB617A0039D8AF /* Friend.swift */ = {isa = PBXFileReference; fileEncoding = 4; lastKnownFileType = sourcecode.swift; path = Friend.swift; sourceTree = "<group>"; };
		22EAEA0024F1F3220039D8AF /* FriendView.swift */ = {isa = PBXFileReference; lastKnownFileType = sourcecode.swift; path = FriendView.swift; sourceTree = "<group>"; };
		22EAEA0224F1F4500039D8AF /* Bundle-Decodable.swift */ = {isa = PBXFileReference; lastKnownFileType = sourcecode.swift; path = "Bundle-Decodable.swift"; sourceTree = "<group>"; };
/* End PBXFileReference section */

/* Begin PBXFrameworksBuildPhase section */
		22EAE9DA24EA29430039D8AF /* Frameworks */ = {
			isa = PBXFrameworksBuildPhase;
			buildActionMask = 2147483647;
			files = (
			);
			runOnlyForDeploymentPostprocessing = 0;
		};
/* End PBXFrameworksBuildPhase section */

/* Begin PBXGroup section */
		22EAE9D424EA29430039D8AF = {
			isa = PBXGroup;
			children = (
				22EAE9DF24EA29430039D8AF /* FriendBook */,
				22EAE9DE24EA29430039D8AF /* Products */,
			);
			sourceTree = "<group>";
		};
		22EAE9DE24EA29430039D8AF /* Products */ = {
			isa = PBXGroup;
			children = (
				22EAE9DD24EA29430039D8AF /* FriendBook.app */,
			);
			name = Products;
			sourceTree = "<group>";
		};
		22EAE9DF24EA29430039D8AF /* FriendBook */ = {
			isa = PBXGroup;
			children = (
				22EAE9E024EA29430039D8AF /* AppDelegate.swift */,
				22EAE9E224EA29430039D8AF /* SceneDelegate.swift */,
				22EAE9E424EA29430039D8AF /* ContentView.swift */,
				22EAEA0024F1F3220039D8AF /* FriendView.swift */,
				22EAE9FE24EB617A0039D8AF /* Friend.swift */,
				22EAE9FA24EB60E10039D8AF /* friends.json */,
				22EAEA0224F1F4500039D8AF /* Bundle-Decodable.swift */,
				22EAE9E624EA294E0039D8AF /* Assets.xcassets */,
				22EAE9EB24EA294E0039D8AF /* LaunchScreen.storyboard */,
				22EAE9EE24EA294E0039D8AF /* Info.plist */,
				22EAE9E824EA294E0039D8AF /* Preview Content */,
			);
			path = FriendBook;
			sourceTree = "<group>";
		};
		22EAE9E824EA294E0039D8AF /* Preview Content */ = {
			isa = PBXGroup;
			children = (
				22EAE9E924EA294E0039D8AF /* Preview Assets.xcassets */,
			);
			path = "Preview Content";
			sourceTree = "<group>";
		};
/* End PBXGroup section */

/* Begin PBXNativeTarget section */
		22EAE9DC24EA29430039D8AF /* FriendBook */ = {
			isa = PBXNativeTarget;
			buildConfigurationList = 22EAE9F124EA294E0039D8AF /* Build configuration list for PBXNativeTarget "FriendBook" */;
			buildPhases = (
				22EAE9D924EA29430039D8AF /* Sources */,
				22EAE9DA24EA29430039D8AF /* Frameworks */,
				22EAE9DB24EA29430039D8AF /* Resources */,
			);
			buildRules = (
			);
			dependencies = (
			);
			name = FriendBook;
			productName = FriendBook;
			productReference = 22EAE9DD24EA29430039D8AF /* FriendBook.app */;
			productType = "com.apple.product-type.application";
		};
/* End PBXNativeTarget section */

/* Begin PBXProject section */
		22EAE9D524EA29430039D8AF /* Project object */ = {
			isa = PBXProject;
			attributes = {
				LastSwiftUpdateCheck = 1160;
				LastUpgradeCheck = 1160;
				ORGANIZATIONNAME = "Jason Liu";
				TargetAttributes = {
					22EAE9DC24EA29430039D8AF = {
						CreatedOnToolsVersion = 11.6;
					};
				};
			};
			buildConfigurationList = 22EAE9D824EA29430039D8AF /* Build configuration list for PBXProject "FriendBook" */;
			compatibilityVersion = "Xcode 9.3";
			developmentRegion = en;
			hasScannedForEncodings = 0;
			knownRegions = (
				en,
				Base,
			);
			mainGroup = 22EAE9D424EA29430039D8AF;
			productRefGroup = 22EAE9DE24EA29430039D8AF /* Products */;
			projectDirPath = "";
			projectRoot = "";
			targets = (
				22EAE9DC24EA29430039D8AF /* FriendBook */,
			);
		};
/* End PBXProject section */

/* Begin PBXResourcesBuildPhase section */
		22EAE9DB24EA29430039D8AF /* Resources */ = {
			isa = PBXResourcesBuildPhase;
			buildActionMask = 2147483647;
			files = (
				22EAE9ED24EA294E0039D8AF /* LaunchScreen.storyboard in Resources */,
				22EAE9EA24EA294E0039D8AF /* Preview Assets.xcassets in Resources */,
				22EAE9E724EA294E0039D8AF /* Assets.xcassets in Resources */,
				22EAE9FB24EB60E10039D8AF /* friends.json in Resources */,
			);
			runOnlyForDeploymentPostprocessing = 0;
		};
/* End PBXResourcesBuildPhase section */

/* Begin PBXSourcesBuildPhase section */
		22EAE9D924EA29430039D8AF /* Sources */ = {
			isa = PBXSourcesBuildPhase;
			buildActionMask = 2147483647;
			files = (
				22EAE9E124EA29430039D8AF /* AppDelegate.swift in Sources */,
				22EAEA0324F1F4500039D8AF /* Bundle-Decodable.swift in Sources */,
				22EAE9E324EA29430039D8AF /* SceneDelegate.swift in Sources */,
				22EAE9FF24EB617A0039D8AF /* Friend.swift in Sources */,
				22EAEA0124F1F3220039D8AF /* FriendView.swift in Sources */,
				22EAE9E524EA29430039D8AF /* ContentView.swift in Sources */,
			);
			runOnlyForDeploymentPostprocessing = 0;
		};
/* End PBXSourcesBuildPhase section */

/* Begin PBXVariantGroup section */
		22EAE9EB24EA294E0039D8AF /* LaunchScreen.storyboard */ = {
			isa = PBXVariantGroup;
			children = (
				22EAE9EC24EA294E0039D8AF /* Base */,
			);
			name = LaunchScreen.storyboard;
			sourceTree = "<group>";
		};
/* End PBXVariantGroup section */

/* Begin XCBuildConfiguration section */
		22EAE9EF24EA294E0039D8AF /* Debug */ = {
			isa = XCBuildConfiguration;
			buildSettings = {
				ALWAYS_SEARCH_USER_PATHS = NO;
				CLANG_ANALYZER_NONNULL = YES;
				CLANG_ANALYZER_NUMBER_OBJECT_CONVERSION = YES_AGGRESSIVE;
				CLANG_CXX_LANGUAGE_STANDARD = "gnu++14";
				CLANG_CXX_LIBRARY = "libc++";
				CLANG_ENABLE_MODULES = YES;
				CLANG_ENABLE_OBJC_ARC = YES;
				CLANG_ENABLE_OBJC_WEAK = YES;
				CLANG_WARN_BLOCK_CAPTURE_AUTORELEASING = YES;
				CLANG_WARN_BOOL_CONVERSION = YES;
				CLANG_WARN_COMMA = YES;
				CLANG_WARN_CONSTANT_CONVERSION = YES;
				CLANG_WARN_DEPRECATED_OBJC_IMPLEMENTATIONS = YES;
				CLANG_WARN_DIRECT_OBJC_ISA_USAGE = YES_ERROR;
				CLANG_WARN_DOCUMENTATION_COMMENTS = YES;
				CLANG_WARN_EMPTY_BODY = YES;
				CLANG_WARN_ENUM_CONVERSION = YES;
				CLANG_WARN_INFINITE_RECURSION = YES;
				CLANG_WARN_INT_CONVERSION = YES;
				CLANG_WARN_NON_LITERAL_NULL_CONVERSION = YES;
				CLANG_WARN_OBJC_IMPLICIT_RETAIN_SELF = YES;
				CLANG_WARN_OBJC_LITERAL_CONVERSION = YES;
				CLANG_WARN_OBJC_ROOT_CLASS = YES_ERROR;
				CLANG_WARN_RANGE_LOOP_ANALYSIS = YES;
				CLANG_WARN_STRICT_PROTOTYPES = YES;
				CLANG_WARN_SUSPICIOUS_MOVE = YES;
				CLANG_WARN_UNGUARDED_AVAILABILITY = YES_AGGRESSIVE;
				CLANG_WARN_UNREACHABLE_CODE = YES;
				CLANG_WARN__DUPLICATE_METHOD_MATCH = YES;
				COPY_PHASE_STRIP = NO;
				DEBUG_INFORMATION_FORMAT = dwarf;
				ENABLE_STRICT_OBJC_MSGSEND = YES;
				ENABLE_TESTABILITY = YES;
				GCC_C_LANGUAGE_STANDARD = gnu11;
				GCC_DYNAMIC_NO_PIC = NO;
				GCC_NO_COMMON_BLOCKS = YES;
				GCC_OPTIMIZATION_LEVEL = 0;
				GCC_PREPROCESSOR_DEFINITIONS = (
					"DEBUG=1",
					"$(inherited)",
				);
				GCC_WARN_64_TO_32_BIT_CONVERSION = YES;
				GCC_WARN_ABOUT_RETURN_TYPE = YES_ERROR;
				GCC_WARN_UNDECLARED_SELECTOR = YES;
				GCC_WARN_UNINITIALIZED_AUTOS = YES_AGGRESSIVE;
				GCC_WARN_UNUSED_FUNCTION = YES;
				GCC_WARN_UNUSED_VARIABLE = YES;
				IPHONEOS_DEPLOYMENT_TARGET = 13.6;
				MTL_ENABLE_DEBUG_INFO = INCLUDE_SOURCE;
				MTL_FAST_MATH = YES;
				ONLY_ACTIVE_ARCH = YES;
				SDKROOT = iphoneos;
				SWIFT_ACTIVE_COMPILATION_CONDITIONS = DEBUG;
				SWIFT_OPTIMIZATION_LEVEL = "-Onone";
			};
			name = Debug;
		};
		22EAE9F024EA294E0039D8AF /* Release */ = {
			isa = XCBuildConfiguration;
			buildSettings = {
				ALWAYS_SEARCH_USER_PATHS = NO;
				CLANG_ANALYZER_NONNULL = YES;
				CLANG_ANALYZER_NUMBER_OBJECT_CONVERSION = YES_AGGRESSIVE;
				CLANG_CXX_LANGUAGE_STANDARD = "gnu++14";
				CLANG_CXX_LIBRARY = "libc++";
				CLANG_ENABLE_MODULES = YES;
				CLANG_ENABLE_OBJC_ARC = YES;
				CLANG_ENABLE_OBJC_WEAK = YES;
				CLANG_WARN_BLOCK_CAPTURE_AUTORELEASING = YES;
				CLANG_WARN_BOOL_CONVERSION = YES;
				CLANG_WARN_COMMA = YES;
				CLANG_WARN_CONSTANT_CONVERSION = YES;
				CLANG_WARN_DEPRECATED_OBJC_IMPLEMENTATIONS = YES;
				CLANG_WARN_DIRECT_OBJC_ISA_USAGE = YES_ERROR;
				CLANG_WARN_DOCUMENTATION_COMMENTS = YES;
				CLANG_WARN_EMPTY_BODY = YES;
				CLANG_WARN_ENUM_CONVERSION = YES;
				CLANG_WARN_INFINITE_RECURSION = YES;
				CLANG_WARN_INT_CONVERSION = YES;
				CLANG_WARN_NON_LITERAL_NULL_CONVERSION = YES;
				CLANG_WARN_OBJC_IMPLICIT_RETAIN_SELF = YES;
				CLANG_WARN_OBJC_LITERAL_CONVERSION = YES;
				CLANG_WARN_OBJC_ROOT_CLASS = YES_ERROR;
				CLANG_WARN_RANGE_LOOP_ANALYSIS = YES;
				CLANG_WARN_STRICT_PROTOTYPES = YES;
				CLANG_WARN_SUSPICIOUS_MOVE = YES;
				CLANG_WARN_UNGUARDED_AVAILABILITY = YES_AGGRESSIVE;
				CLANG_WARN_UNREACHABLE_CODE = YES;
				CLANG_WARN__DUPLICATE_METHOD_MATCH = YES;
				COPY_PHASE_STRIP = NO;
				DEBUG_INFORMATION_FORMAT = "dwarf-with-dsym";
				ENABLE_NS_ASSERTIONS = NO;
				ENABLE_STRICT_OBJC_MSGSEND = YES;
				GCC_C_LANGUAGE_STANDARD = gnu11;
				GCC_NO_COMMON_BLOCKS = YES;
				GCC_WARN_64_TO_32_BIT_CONVERSION = YES;
				GCC_WARN_ABOUT_RETURN_TYPE = YES_ERROR;
				GCC_WARN_UNDECLARED_SELECTOR = YES;
				GCC_WARN_UNINITIALIZED_AUTOS = YES_AGGRESSIVE;
				GCC_WARN_UNUSED_FUNCTION = YES;
				GCC_WARN_UNUSED_VARIABLE = YES;
				IPHONEOS_DEPLOYMENT_TARGET = 13.6;
				MTL_ENABLE_DEBUG_INFO = NO;
				MTL_FAST_MATH = YES;
				SDKROOT = iphoneos;
				SWIFT_COMPILATION_MODE = wholemodule;
				SWIFT_OPTIMIZATION_LEVEL = "-O";
				VALIDATE_PRODUCT = YES;
			};
			name = Release;
		};
		22EAE9F224EA294E0039D8AF /* Debug */ = {
			isa = XCBuildConfiguration;
			buildSettings = {
				ASSETCATALOG_COMPILER_APPICON_NAME = AppIcon;
				CODE_SIGN_STYLE = Automatic;
				DEVELOPMENT_ASSET_PATHS = "\"FriendBook/Preview Content\"";
				DEVELOPMENT_TEAM = S8HTJR33A3;
				ENABLE_PREVIEWS = YES;
				INFOPLIST_FILE = FriendBook/Info.plist;
				LD_RUNPATH_SEARCH_PATHS = (
					"$(inherited)",
					"@executable_path/Frameworks",
				);
				PRODUCT_BUNDLE_IDENTIFIER = com.example.FriendBook;
				PRODUCT_NAME = "$(TARGET_NAME)";
				SWIFT_VERSION = 5.0;
				TARGETED_DEVICE_FAMILY = "1,2";
			};
			name = Debug;
		};
		22EAE9F324EA294E0039D8AF /* Release */ = {
			isa = XCBuildConfiguration;
			buildSettings = {
				ASSETCATALOG_COMPILER_APPICON_NAME = AppIcon;
				CODE_SIGN_STYLE = Automatic;
				DEVELOPMENT_ASSET_PATHS = "\"FriendBook/Preview Content\"";
				DEVELOPMENT_TEAM = S8HTJR33A3;
				ENABLE_PREVIEWS = YES;
				INFOPLIST_FILE = FriendBook/Info.plist;
				LD_RUNPATH_SEARCH_PATHS = (
					"$(inherited)",
					"@executable_path/Frameworks",
				);
				PRODUCT_BUNDLE_IDENTIFIER = com.example.FriendBook;
				PRODUCT_NAME = "$(TARGET_NAME)";
				SWIFT_VERSION = 5.0;
				TARGETED_DEVICE_FAMILY = "1,2";
			};
			name = Release;
		};
/* End XCBuildConfiguration section */

/* Begin XCConfigurationList section */
		22EAE9D824EA29430039D8AF /* Build configuration list for PBXProject "FriendBook" */ = {
			isa = XCConfigurationList;
			buildConfigurations = (
				22EAE9EF24EA294E0039D8AF /* Debug */,
				22EAE9F024EA294E0039D8AF /* Release */,
			);
			defaultConfigurationIsVisible = 0;
			defaultConfigurationName = Release;
		};
		22EAE9F124EA294E0039D8AF /* Build configuration list for PBXNativeTarget "FriendBook" */ = {
			isa = XCConfigurationList;
			buildConfigurations = (
				22EAE9F224EA294E0039D8AF /* Debug */,
				22EAE9F324EA294E0039D8AF /* Release */,
			);
			defaultConfigurationIsVisible = 0;
			defaultConfigurationName = Release;
		};
/* End XCConfigurationList section */
	};
	rootObject = 22EAE9D524EA29430039D8AF /* Project object */;
}
